
Microsoft Visual Studio Solution File, Format Version 12.00
# Visual Studio Version 17
VisualStudioVersion = 17.4.33205.214
MinimumVisualStudioVersion = 10.0.40219.1
Project("{9A19103F-16F7-4668-BE54-9A1E7A4F7556}") = "Blog", "Blog\Blog.csproj", "{EE55269B-C96F-4768-9C8E-02D32DF00120}"
EndProject
Project("{9A19103F-16F7-4668-BE54-9A1E7A4F7556}") = "EntityLayer", "EntityLayer\EntityLayer.csproj", "{779E071A-D039-4581-8328-45E66A902354}"
EndProject
Project("{9A19103F-16F7-4668-BE54-9A1E7A4F7556}") = "DataAccessLayer", "DataAccessLayer\DataAccessLayer.csproj", "{0977ADAC-0F91-4490-8E18-8FF541B0B0D2}"
EndProject
Project("{9A19103F-16F7-4668-BE54-9A1E7A4F7556}") = "BusinessLayer", "BusinessLayer\BusinessLayer.csproj", "{57BD7374-CD4E-4926-92ED-F7C3DD20E075}"
EndProject
Global
	GlobalSection(SolutionConfigurationPlatforms) = preSolution
		Debug|Any CPU = Debug|Any CPU
		Release|Any CPU = Release|Any CPU
	EndGlobalSection
	GlobalSection(ProjectConfigurationPlatforms) = postSolution
		{EE55269B-C96F-4768-9C8E-02D32DF00120}.Debug|Any CPU.ActiveCfg = Debug|Any CPU
		{EE55269B-C96F-4768-9C8E-02D32DF00120}.Debug|Any CPU.Build.0 = Debug|Any CPU
		{EE55269B-C96F-4768-9C8E-02D32DF00120}.Release|Any CPU.ActiveCfg = Release|Any CPU
		{EE55269B-C96F-4768-9C8E-02D32DF00120}.Release|Any CPU.Build.0 = Release|Any CPU
		{779E071A-D039-4581-8328-45E66A902354}.Debug|Any CPU.ActiveCfg = Debug|Any CPU
		{779E071A-D039-4581-8328-45E66A902354}.Debug|Any CPU.Build.0 = Debug|Any CPU
		{779E071A-D039-4581-8328-45E66A902354}.Release|Any CPU.ActiveCfg = Release|Any CPU
		{779E071A-D039-4581-8328-45E66A902354}.Release|Any CPU.Build.0 = Release|Any CPU
		{0977ADAC-0F91-4490-8E18-8FF541B0B0D2}.Debug|Any CPU.ActiveCfg = Debug|Any CPU
		{0977ADAC-0F91-4490-8E18-8FF541B0B0D2}.Debug|Any CPU.Build.0 = Debug|Any CPU
		{0977ADAC-0F91-4490-8E18-8FF541B0B0D2}.Release|Any CPU.ActiveCfg = Release|Any CPU
		{0977ADAC-0F91-4490-8E18-8FF541B0B0D2}.Release|Any CPU.Build.0 = Release|Any CPU
		{57BD7374-CD4E-4926-92ED-F7C3DD20E075}.Debug|Any CPU.ActiveCfg = Debug|Any CPU
		{57BD7374-CD4E-4926-92ED-F7C3DD20E075}.Debug|Any CPU.Build.0 = Debug|Any CPU
		{57BD7374-CD4E-4926-92ED-F7C3DD20E075}.Release|Any CPU.ActiveCfg = Release|Any CPU
		{57BD7374-CD4E-4926-92ED-F7C3DD20E075}.Release|Any CPU.Build.0 = Release|Any CPU
	EndGlobalSection
	GlobalSection(SolutionProperties) = preSolution
		HideSolutionNode = FALSE
	EndGlobalSection
	GlobalSection(ExtensibilityGlobals) = postSolution
		SolutionGuid = {7BAA4947-BC74-4CBD-A628-A5431959C5A4}
	EndGlobalSection
EndGlobal
